
Microsoft Visual Studio Solution File, Format Version 12.00
# Visual Studio Version 17
VisualStudioVersion = 17.5.002.0
MinimumVisualStudioVersion = 10.0.40219.1
Project("{9A19103F-16F7-4668-BE54-9A1E7A4F7556}") = "ForEach", "ForEach.csproj", "{96F30193-D216-490D-B8B1-95E7E6237F94}"
EndProject
Global
	GlobalSection(SolutionConfigurationPlatforms) = preSolution
		Debug|Any CPU = Debug|Any CPU
		Release|Any CPU = Release|Any CPU
	EndGlobalSection
	GlobalSection(ProjectConfigurationPlatforms) = postSolution
		{96F30193-D216-490D-B8B1-95E7E6237F94}.Debug|Any CPU.ActiveCfg = Debug|Any CPU
		{96F30193-D216-490D-B8B1-95E7E6237F94}.Debug|Any CPU.Build.0 = Debug|Any CPU
		{96F30193-D216-490D-B8B1-95E7E6237F94}.Release|Any CPU.ActiveCfg = Release|Any CPU
		{96F30193-D216-490D-B8B1-95E7E6237F94}.Release|Any CPU.Build.0 = Release|Any CPU
	EndGlobalSection
	GlobalSection(SolutionProperties) = preSolution
		HideSolutionNode = FALSE
	EndGlobalSection
	GlobalSection(ExtensibilityGlobals) = postSolution
		SolutionGuid = {9FA9B5A4-1FF8-4A15-AE49-E1BB0936FE88}
	EndGlobalSection
EndGlobal
